
Microsoft Visual Studio Solution File, Format Version 12.00
# Visual Studio Version 17
VisualStudioVersion = 17.2.32630.192
MinimumVisualStudioVersion = 10.0.40219.1
Project("{FAE04EC0-301F-11D3-BF4B-00C04F79EFBC}") = "WAD_T2104E_NHAT", "WAD_T2104E_NHAT\WAD_T2104E_NHAT.csproj", "{06530E34-2CE0-4DCE-85F3-51E957C2CE6B}"
EndProject
Global
	GlobalSection(SolutionConfigurationPlatforms) = preSolution
		Debug|Any CPU = Debug|Any CPU
		Release|Any CPU = Release|Any CPU
	EndGlobalSection
	GlobalSection(ProjectConfigurationPlatforms) = postSolution
		{06530E34-2CE0-4DCE-85F3-51E957C2CE6B}.Debug|Any CPU.ActiveCfg = Debug|Any CPU
		{06530E34-2CE0-4DCE-85F3-51E957C2CE6B}.Debug|Any CPU.Build.0 = Debug|Any CPU
		{06530E34-2CE0-4DCE-85F3-51E957C2CE6B}.Release|Any CPU.ActiveCfg = Release|Any CPU
		{06530E34-2CE0-4DCE-85F3-51E957C2CE6B}.Release|Any CPU.Build.0 = Release|Any CPU
	EndGlobalSection
	GlobalSection(SolutionProperties) = preSolution
		HideSolutionNode = FALSE
	EndGlobalSection
	GlobalSection(ExtensibilityGlobals) = postSolution
		SolutionGuid = {CB370547-2C04-4DBC-A622-66C036774B1A}
	EndGlobalSection
EndGlobal
